
Microsoft Visual Studio Solution File, Format Version 12.00
# Visual Studio 2012
Project("{FAE04EC0-301F-11D3-BF4B-00C04F79EFBC}") = "Sample", "Sample\Sample.csproj", "{1EE0E632-08A6-43B9-964C-BDBD418888E6}"
EndProject
Project("{FAE04EC0-301F-11D3-BF4B-00C04F79EFBC}") = "UnitTests", "UnitTests\UnitTests.csproj", "{59A60CF4-58B9-47F4-BA8D-E7F6FABCAF76}"
EndProject
Project("{FAE04EC0-301F-11D3-BF4B-00C04F79EFBC}") = "SnkLib.MainLibrary", "SnkLib.MainLibrary\SnkLib.MainLibrary.csproj", "{A19C98E5-7048-43E2-98F0-689A3FFE2A82}"
EndProject
Project("{FAE04EC0-301F-11D3-BF4B-00C04F79EFBC}") = "SnkLib.Platform", "SnkLib.Platform\SnkLib.Platform.csproj", "{37846C4E-2F87-46E9-B036-9569F422BF63}"
EndProject
Global
	GlobalSection(SolutionConfigurationPlatforms) = preSolution
		win.Debug|Any CPU = win.Debug|Any CPU
		win.Debug|Mixed Platforms = win.Debug|Mixed Platforms
		win.Release|Any CPU = win.Release|Any CPU
		win.Release|Mixed Platforms = win.Release|Mixed Platforms
	EndGlobalSection
	GlobalSection(ProjectConfigurationPlatforms) = postSolution
		{1EE0E632-08A6-43B9-964C-BDBD418888E6}.win.Debug|Any CPU.ActiveCfg = Debug|x86
		{1EE0E632-08A6-43B9-964C-BDBD418888E6}.win.Debug|Any CPU.Build.0 = Debug|x86
		{1EE0E632-08A6-43B9-964C-BDBD418888E6}.win.Debug|Mixed Platforms.ActiveCfg = Debug|x86
		{1EE0E632-08A6-43B9-964C-BDBD418888E6}.win.Debug|Mixed Platforms.Build.0 = Debug|x86
		{1EE0E632-08A6-43B9-964C-BDBD418888E6}.win.Release|Any CPU.ActiveCfg = Release|x86
		{1EE0E632-08A6-43B9-964C-BDBD418888E6}.win.Release|Any CPU.Build.0 = Release|x86
		{1EE0E632-08A6-43B9-964C-BDBD418888E6}.win.Release|Mixed Platforms.ActiveCfg = Release|x86
		{1EE0E632-08A6-43B9-964C-BDBD418888E6}.win.Release|Mixed Platforms.Build.0 = Release|x86
		{59A60CF4-58B9-47F4-BA8D-E7F6FABCAF76}.win.Debug|Any CPU.ActiveCfg = Debug|Any CPU
		{59A60CF4-58B9-47F4-BA8D-E7F6FABCAF76}.win.Debug|Any CPU.Build.0 = Debug|Any CPU
		{59A60CF4-58B9-47F4-BA8D-E7F6FABCAF76}.win.Debug|Mixed Platforms.ActiveCfg = Debug|Any CPU
		{59A60CF4-58B9-47F4-BA8D-E7F6FABCAF76}.win.Debug|Mixed Platforms.Build.0 = Debug|Any CPU
		{59A60CF4-58B9-47F4-BA8D-E7F6FABCAF76}.win.Release|Any CPU.ActiveCfg = Release|Any CPU
		{59A60CF4-58B9-47F4-BA8D-E7F6FABCAF76}.win.Release|Any CPU.Build.0 = Release|Any CPU
		{59A60CF4-58B9-47F4-BA8D-E7F6FABCAF76}.win.Release|Mixed Platforms.ActiveCfg = Release|Any CPU
		{59A60CF4-58B9-47F4-BA8D-E7F6FABCAF76}.win.Release|Mixed Platforms.Build.0 = Release|Any CPU
		{A19C98E5-7048-43E2-98F0-689A3FFE2A82}.win.Debug|Any CPU.ActiveCfg = Debug|Any CPU
		{A19C98E5-7048-43E2-98F0-689A3FFE2A82}.win.Debug|Any CPU.Build.0 = Debug|Any CPU
		{A19C98E5-7048-43E2-98F0-689A3FFE2A82}.win.Debug|Mixed Platforms.ActiveCfg = Debug|Any CPU
		{A19C98E5-7048-43E2-98F0-689A3FFE2A82}.win.Debug|Mixed Platforms.Build.0 = Debug|Any CPU
		{A19C98E5-7048-43E2-98F0-689A3FFE2A82}.win.Release|Any CPU.ActiveCfg = Release|Any CPU
		{A19C98E5-7048-43E2-98F0-689A3FFE2A82}.win.Release|Any CPU.Build.0 = Release|Any CPU
		{A19C98E5-7048-43E2-98F0-689A3FFE2A82}.win.Release|Mixed Platforms.ActiveCfg = Release|Any CPU
		{A19C98E5-7048-43E2-98F0-689A3FFE2A82}.win.Release|Mixed Platforms.Build.0 = Release|Any CPU
		{37846C4E-2F87-46E9-B036-9569F422BF63}.win.Debug|Any CPU.ActiveCfg = win.Debug|Any CPU
		{37846C4E-2F87-46E9-B036-9569F422BF63}.win.Debug|Any CPU.Build.0 = win.Debug|Any CPU
		{37846C4E-2F87-46E9-B036-9569F422BF63}.win.Debug|Mixed Platforms.ActiveCfg = win.Debug|Any CPU
		{37846C4E-2F87-46E9-B036-9569F422BF63}.win.Debug|Mixed Platforms.Build.0 = win.Debug|Any CPU
		{37846C4E-2F87-46E9-B036-9569F422BF63}.win.Release|Any CPU.ActiveCfg = win.Release|Any CPU
		{37846C4E-2F87-46E9-B036-9569F422BF63}.win.Release|Any CPU.Build.0 = win.Release|Any CPU
		{37846C4E-2F87-46E9-B036-9569F422BF63}.win.Release|Mixed Platforms.ActiveCfg = win.Release|Any CPU
		{37846C4E-2F87-46E9-B036-9569F422BF63}.win.Release|Mixed Platforms.Build.0 = win.Release|Any CPU
	EndGlobalSection
	GlobalSection(SolutionProperties) = preSolution
		HideSolutionNode = FALSE
	EndGlobalSection
EndGlobal
