
Microsoft Visual Studio Solution File, Format Version 12.00
# Visual Studio 2013
VisualStudioVersion = 12.0.30723.0
MinimumVisualStudioVersion = 10.0.40219.1
Project("{FAE04EC0-301F-11D3-BF4B-00C04F79EFBC}") = "Sample", "Sample\Sample.csproj", "{1EE0E632-08A6-43B9-964C-BDBD418888E6}"
EndProject
Project("{FAE04EC0-301F-11D3-BF4B-00C04F79EFBC}") = "UnitTests", "UnitTests\UnitTests.csproj", "{59A60CF4-58B9-47F4-BA8D-E7F6FABCAF76}"
EndProject
Project("{FAE04EC0-301F-11D3-BF4B-00C04F79EFBC}") = "SnkLib.MainLibrary", "SnkLib.MainLibrary\SnkLib.MainLibrary.csproj", "{A19C98E5-7048-43E2-98F0-689A3FFE2A82}"
EndProject
Project("{FAE04EC0-301F-11D3-BF4B-00C04F79EFBC}") = "SnkLib.Platform", "SnkLib.Platform\SnkLib.Platform.csproj", "{37846C4E-2F87-46E9-B036-9569F422BF63}"
EndProject
Project("{FAE04EC0-301F-11D3-BF4B-00C04F79EFBC}") = "UnitTests.TestDataGenerator", "UnitTests.TestDataGenerator\UnitTests.TestDataGenerator.csproj", "{A79B26A8-6737-4030-8CDD-1D8D16DAA087}"
EndProject
Project("{FAE04EC0-301F-11D3-BF4B-00C04F79EFBC}") = "SnkLib.Utility", "SnkLib.Utility\SnkLib.Utility.csproj", "{ACE83677-56B2-4B3F-818A-CCF20DD28BCC}"
EndProject
Project("{FAE04EC0-301F-11D3-BF4B-00C04F79EFBC}") = "SnkLib.App.CookieGetter", "CookieGetterSharp\SnkLib.App.CookieGetter\SnkLib.App.CookieGetter.csproj", "{BB3F3039-E8C2-4CB8-9257-59B92F03A87C}"
	ProjectSection(ProjectDependencies) = postProject
		{6B024D6D-EE44-4E98-8612-ECDE351E5182} = {6B024D6D-EE44-4E98-8612-ECDE351E5182}
	EndProjectSection
EndProject
Project("{FAE04EC0-301F-11D3-BF4B-00C04F79EFBC}") = "SnkLib.App.CookieGetter.x86Proxy", "CookieGetterSharp\SnkLib.App.CookieGetter.x86Proxy\SnkLib.App.CookieGetter.x86Proxy.csproj", "{6B024D6D-EE44-4E98-8612-ECDE351E5182}"
EndProject
Global
	GlobalSection(SolutionConfigurationPlatforms) = preSolution
		Debug|Any CPU = Debug|Any CPU
		Debug|Mixed Platforms = Debug|Mixed Platforms
		Release|Any CPU = Release|Any CPU
		Release|Mixed Platforms = Release|Mixed Platforms
	EndGlobalSection
	GlobalSection(ProjectConfigurationPlatforms) = postSolution
		{1EE0E632-08A6-43B9-964C-BDBD418888E6}.Debug|Any CPU.ActiveCfg = Debug|x86
		{1EE0E632-08A6-43B9-964C-BDBD418888E6}.Debug|Any CPU.Build.0 = Debug|x86
		{1EE0E632-08A6-43B9-964C-BDBD418888E6}.Debug|Mixed Platforms.ActiveCfg = Debug|x86
		{1EE0E632-08A6-43B9-964C-BDBD418888E6}.Debug|Mixed Platforms.Build.0 = Debug|x86
		{1EE0E632-08A6-43B9-964C-BDBD418888E6}.Release|Any CPU.ActiveCfg = Release|x86
		{1EE0E632-08A6-43B9-964C-BDBD418888E6}.Release|Any CPU.Build.0 = Release|x86
		{1EE0E632-08A6-43B9-964C-BDBD418888E6}.Release|Mixed Platforms.ActiveCfg = Release|x86
		{1EE0E632-08A6-43B9-964C-BDBD418888E6}.Release|Mixed Platforms.Build.0 = Release|x86
		{59A60CF4-58B9-47F4-BA8D-E7F6FABCAF76}.Debug|Any CPU.ActiveCfg = Debug|Any CPU
		{59A60CF4-58B9-47F4-BA8D-E7F6FABCAF76}.Debug|Any CPU.Build.0 = Debug|Any CPU
		{59A60CF4-58B9-47F4-BA8D-E7F6FABCAF76}.Debug|Mixed Platforms.ActiveCfg = Debug|Any CPU
		{59A60CF4-58B9-47F4-BA8D-E7F6FABCAF76}.Debug|Mixed Platforms.Build.0 = Debug|Any CPU
		{59A60CF4-58B9-47F4-BA8D-E7F6FABCAF76}.Release|Any CPU.ActiveCfg = Release|Any CPU
		{59A60CF4-58B9-47F4-BA8D-E7F6FABCAF76}.Release|Any CPU.Build.0 = Release|Any CPU
		{59A60CF4-58B9-47F4-BA8D-E7F6FABCAF76}.Release|Mixed Platforms.ActiveCfg = Release|Any CPU
		{59A60CF4-58B9-47F4-BA8D-E7F6FABCAF76}.Release|Mixed Platforms.Build.0 = Release|Any CPU
		{A19C98E5-7048-43E2-98F0-689A3FFE2A82}.Debug|Any CPU.ActiveCfg = Debug|Any CPU
		{A19C98E5-7048-43E2-98F0-689A3FFE2A82}.Debug|Any CPU.Build.0 = Debug|Any CPU
		{A19C98E5-7048-43E2-98F0-689A3FFE2A82}.Debug|Mixed Platforms.ActiveCfg = Debug|Any CPU
		{A19C98E5-7048-43E2-98F0-689A3FFE2A82}.Debug|Mixed Platforms.Build.0 = Debug|Any CPU
		{A19C98E5-7048-43E2-98F0-689A3FFE2A82}.Release|Any CPU.ActiveCfg = Release|Any CPU
		{A19C98E5-7048-43E2-98F0-689A3FFE2A82}.Release|Any CPU.Build.0 = Release|Any CPU
		{A19C98E5-7048-43E2-98F0-689A3FFE2A82}.Release|Mixed Platforms.ActiveCfg = Release|Any CPU
		{A19C98E5-7048-43E2-98F0-689A3FFE2A82}.Release|Mixed Platforms.Build.0 = Release|Any CPU
		{37846C4E-2F87-46E9-B036-9569F422BF63}.Debug|Any CPU.ActiveCfg = win.Debug|Any CPU
		{37846C4E-2F87-46E9-B036-9569F422BF63}.Debug|Any CPU.Build.0 = win.Debug|Any CPU
		{37846C4E-2F87-46E9-B036-9569F422BF63}.Debug|Mixed Platforms.ActiveCfg = win.Debug|Any CPU
		{37846C4E-2F87-46E9-B036-9569F422BF63}.Debug|Mixed Platforms.Build.0 = win.Debug|Any CPU
		{37846C4E-2F87-46E9-B036-9569F422BF63}.Release|Any CPU.ActiveCfg = win.Release|Any CPU
		{37846C4E-2F87-46E9-B036-9569F422BF63}.Release|Any CPU.Build.0 = win.Release|Any CPU
		{37846C4E-2F87-46E9-B036-9569F422BF63}.Release|Mixed Platforms.ActiveCfg = win.Release|Any CPU
		{37846C4E-2F87-46E9-B036-9569F422BF63}.Release|Mixed Platforms.Build.0 = win.Release|Any CPU
		{A79B26A8-6737-4030-8CDD-1D8D16DAA087}.Debug|Any CPU.ActiveCfg = Debug|Any CPU
		{A79B26A8-6737-4030-8CDD-1D8D16DAA087}.Debug|Any CPU.Build.0 = Debug|Any CPU
		{A79B26A8-6737-4030-8CDD-1D8D16DAA087}.Debug|Mixed Platforms.ActiveCfg = Debug|Any CPU
		{A79B26A8-6737-4030-8CDD-1D8D16DAA087}.Debug|Mixed Platforms.Build.0 = Debug|Any CPU
		{A79B26A8-6737-4030-8CDD-1D8D16DAA087}.Release|Any CPU.ActiveCfg = Release|Any CPU
		{A79B26A8-6737-4030-8CDD-1D8D16DAA087}.Release|Any CPU.Build.0 = Release|Any CPU
		{A79B26A8-6737-4030-8CDD-1D8D16DAA087}.Release|Mixed Platforms.ActiveCfg = Release|Any CPU
		{A79B26A8-6737-4030-8CDD-1D8D16DAA087}.Release|Mixed Platforms.Build.0 = Release|Any CPU
		{ACE83677-56B2-4B3F-818A-CCF20DD28BCC}.Debug|Any CPU.ActiveCfg = Debug|Any CPU
		{ACE83677-56B2-4B3F-818A-CCF20DD28BCC}.Debug|Any CPU.Build.0 = Debug|Any CPU
		{ACE83677-56B2-4B3F-818A-CCF20DD28BCC}.Debug|Mixed Platforms.ActiveCfg = Debug|Any CPU
		{ACE83677-56B2-4B3F-818A-CCF20DD28BCC}.Debug|Mixed Platforms.Build.0 = Debug|Any CPU
		{ACE83677-56B2-4B3F-818A-CCF20DD28BCC}.Release|Any CPU.ActiveCfg = Release|Any CPU
		{ACE83677-56B2-4B3F-818A-CCF20DD28BCC}.Release|Any CPU.Build.0 = Release|Any CPU
		{ACE83677-56B2-4B3F-818A-CCF20DD28BCC}.Release|Mixed Platforms.ActiveCfg = Release|Any CPU
		{ACE83677-56B2-4B3F-818A-CCF20DD28BCC}.Release|Mixed Platforms.Build.0 = Release|Any CPU
		{BB3F3039-E8C2-4CB8-9257-59B92F03A87C}.Debug|Any CPU.ActiveCfg = Debug|Any CPU
		{BB3F3039-E8C2-4CB8-9257-59B92F03A87C}.Debug|Any CPU.Build.0 = Debug|Any CPU
		{BB3F3039-E8C2-4CB8-9257-59B92F03A87C}.Debug|Mixed Platforms.ActiveCfg = Debug|Any CPU
		{BB3F3039-E8C2-4CB8-9257-59B92F03A87C}.Debug|Mixed Platforms.Build.0 = Debug|Any CPU
		{BB3F3039-E8C2-4CB8-9257-59B92F03A87C}.Release|Any CPU.ActiveCfg = Release|Any CPU
		{BB3F3039-E8C2-4CB8-9257-59B92F03A87C}.Release|Any CPU.Build.0 = Release|Any CPU
		{BB3F3039-E8C2-4CB8-9257-59B92F03A87C}.Release|Mixed Platforms.ActiveCfg = Release|Any CPU
		{BB3F3039-E8C2-4CB8-9257-59B92F03A87C}.Release|Mixed Platforms.Build.0 = Release|Any CPU
		{6B024D6D-EE44-4E98-8612-ECDE351E5182}.Debug|Any CPU.ActiveCfg = Debug|Any CPU
		{6B024D6D-EE44-4E98-8612-ECDE351E5182}.Debug|Any CPU.Build.0 = Debug|Any CPU
		{6B024D6D-EE44-4E98-8612-ECDE351E5182}.Debug|Mixed Platforms.ActiveCfg = Debug|Any CPU
		{6B024D6D-EE44-4E98-8612-ECDE351E5182}.Debug|Mixed Platforms.Build.0 = Debug|Any CPU
		{6B024D6D-EE44-4E98-8612-ECDE351E5182}.Release|Any CPU.ActiveCfg = Release|Any CPU
		{6B024D6D-EE44-4E98-8612-ECDE351E5182}.Release|Any CPU.Build.0 = Release|Any CPU
		{6B024D6D-EE44-4E98-8612-ECDE351E5182}.Release|Mixed Platforms.ActiveCfg = Release|Any CPU
		{6B024D6D-EE44-4E98-8612-ECDE351E5182}.Release|Mixed Platforms.Build.0 = Release|Any CPU
	EndGlobalSection
	GlobalSection(SolutionProperties) = preSolution
		HideSolutionNode = FALSE
	EndGlobalSection
EndGlobal
